{
  "name": "advent_of_code_2016",
  "version": "1.0.0",
  "lockfileVersion": 1,
  "requires": true,
  "dependencies": {
    "colors": {
      "version": "1.1.2",
      "resolved": "https://artifactory.lbidts.com/artifactory/api/npm/fewd-npm-v/colors/-/colors-1.1.2.tgz",
      "integrity": "sha1-FopHAXVran9RoSzgyXv6KMCE7WM="
    },
    "fs": {
      "version": "0.0.1-security",
      "resolved": "https://artifactory.lbidts.com/artifactory/api/npm/fewd-npm-v/fs/-/fs-0.0.1-security.tgz",
      "integrity": "sha1-invTcYa23d84E/I4WLV+yq9eQdQ="
    },
    "js-md5": {
      "version": "0.4.2",
      "resolved": "https://artifactory.lbidts.com/artifactory/api/npm/fewd-npm-v/js-md5/-/js-md5-0.4.2.tgz",
      "integrity": "sha1-ihIx5gqzkqbTp1221TLsDFlme8M="
    },
    "native-promise-only": {
      "version": "0.8.1",
      "resolved": "https://artifactory.lbidts.com/artifactory/api/npm/fewd-npm-v/native-promise-only/-/native-promise-only-0.8.1.tgz",
      "integrity": "sha1-IKMYwwy0X3H+et+/eyHJnBRy7xE="
    }
  }
}
